
Microsoft Visual Studio Solution File, Format Version 12.00
# Visual Studio 2012
Project("{FAE04EC0-301F-11D3-BF4B-00C04F79EFBC}") = "json", "json\json.csproj", "{69217CA7-D042-473E-A4AF-2F676F63F66C}"
EndProject
Global
	GlobalSection(SolutionConfigurationPlatforms) = preSolution
		Debug|Any CPU = Debug|Any CPU
		Release|Any CPU = Release|Any CPU
	EndGlobalSection
	GlobalSection(ProjectConfigurationPlatforms) = postSolution
		{69217CA7-D042-473E-A4AF-2F676F63F66C}.Debug|Any CPU.ActiveCfg = Debug|Any CPU
		{69217CA7-D042-473E-A4AF-2F676F63F66C}.Debug|Any CPU.Build.0 = Debug|Any CPU
		{69217CA7-D042-473E-A4AF-2F676F63F66C}.Release|Any CPU.ActiveCfg = Release|Any CPU
		{69217CA7-D042-473E-A4AF-2F676F63F66C}.Release|Any CPU.Build.0 = Release|Any CPU
	EndGlobalSection
	GlobalSection(SolutionProperties) = preSolution
		HideSolutionNode = FALSE
	EndGlobalSection
EndGlobal
