
Microsoft Visual Studio Solution File, Format Version 12.00
# Visual Studio 2012
Project("{FAE04EC0-301F-11D3-BF4B-00C04F79EFBC}") = "自制计时器", "自制计时器\自制计时器.csproj", "{327F5432-932A-4081-978C-A669B57C572A}"
EndProject
Global
	GlobalSection(SolutionConfigurationPlatforms) = preSolution
		Debug|Any CPU = Debug|Any CPU
		Release|Any CPU = Release|Any CPU
	EndGlobalSection
	GlobalSection(ProjectConfigurationPlatforms) = postSolution
		{327F5432-932A-4081-978C-A669B57C572A}.Debug|Any CPU.ActiveCfg = Debug|Any CPU
		{327F5432-932A-4081-978C-A669B57C572A}.Debug|Any CPU.Build.0 = Debug|Any CPU
		{327F5432-932A-4081-978C-A669B57C572A}.Release|Any CPU.ActiveCfg = Release|Any CPU
		{327F5432-932A-4081-978C-A669B57C572A}.Release|Any CPU.Build.0 = Release|Any CPU
	EndGlobalSection
	GlobalSection(SolutionProperties) = preSolution
		HideSolutionNode = FALSE
	EndGlobalSection
EndGlobal
